
Microsoft Visual Studio Solution File, Format Version 12.00
# Visual Studio Version 17
VisualStudioVersion = 17.5.002.0
MinimumVisualStudioVersion = 10.0.40219.1
Project("{9A19103F-16F7-4668-BE54-9A1E7A4F7556}") = "Animal", "Animal.csproj", "{2B6D067C-B175-4F64-AAD9-F03E5E02689F}"
EndProject
Global
	GlobalSection(SolutionConfigurationPlatforms) = preSolution
		Debug|Any CPU = Debug|Any CPU
		Release|Any CPU = Release|Any CPU
	EndGlobalSection
	GlobalSection(ProjectConfigurationPlatforms) = postSolution
		{2B6D067C-B175-4F64-AAD9-F03E5E02689F}.Debug|Any CPU.ActiveCfg = Debug|Any CPU
		{2B6D067C-B175-4F64-AAD9-F03E5E02689F}.Debug|Any CPU.Build.0 = Debug|Any CPU
		{2B6D067C-B175-4F64-AAD9-F03E5E02689F}.Release|Any CPU.ActiveCfg = Release|Any CPU
		{2B6D067C-B175-4F64-AAD9-F03E5E02689F}.Release|Any CPU.Build.0 = Release|Any CPU
	EndGlobalSection
	GlobalSection(SolutionProperties) = preSolution
		HideSolutionNode = FALSE
	EndGlobalSection
	GlobalSection(ExtensibilityGlobals) = postSolution
		SolutionGuid = {7D3EA4A8-B0C3-442F-BA6B-019C1FBB8088}
	EndGlobalSection
EndGlobal
